
Microsoft Visual Studio Solution File, Format Version 12.00
# Visual Studio 14
VisualStudioVersion = 14.0.25420.1
MinimumVisualStudioVersion = 10.0.40219.1
Project("{2150E333-8FDC-42A3-9474-1A3956D46DE8}") = "src", "src", "{D0FC38E7-D7AA-4958-9B65-089145CFF31B}"
EndProject
Project("{2150E333-8FDC-42A3-9474-1A3956D46DE8}") = "Solution Items", "Solution Items", "{022B2F0C-E610-4EB2-BFAD-94F122976F85}"
	ProjectSection(SolutionItems) = preProject
		global.json = global.json
	EndProjectSection
EndProject
Project("{8BB2217D-0F2D-49D1-97BC-3654ED321F3B}") = "BaalPratibha", "src\BaalPratibha\BaalPratibha.xproj", "{F5DAFE7F-E498-4873-8451-E979888A2376}"
EndProject
Global
	GlobalSection(SolutionConfigurationPlatforms) = preSolution
		Debug|Any CPU = Debug|Any CPU
		Release|Any CPU = Release|Any CPU
	EndGlobalSection
	GlobalSection(ProjectConfigurationPlatforms) = postSolution
		{F5DAFE7F-E498-4873-8451-E979888A2376}.Debug|Any CPU.ActiveCfg = Debug|Any CPU
		{F5DAFE7F-E498-4873-8451-E979888A2376}.Debug|Any CPU.Build.0 = Debug|Any CPU
		{F5DAFE7F-E498-4873-8451-E979888A2376}.Release|Any CPU.ActiveCfg = Release|Any CPU
		{F5DAFE7F-E498-4873-8451-E979888A2376}.Release|Any CPU.Build.0 = Release|Any CPU
	EndGlobalSection
	GlobalSection(SolutionProperties) = preSolution
		HideSolutionNode = FALSE
	EndGlobalSection
	GlobalSection(NestedProjects) = preSolution
		{F5DAFE7F-E498-4873-8451-E979888A2376} = {D0FC38E7-D7AA-4958-9B65-089145CFF31B}
	EndGlobalSection
EndGlobal
